// !$*UTF8*$!
{
	archiveVersion = 1;
	classes = {
	};
	objectVersion = 46;
	objects = {

/* Begin PBXBuildFile section */
		841AB5FA1F8A2216007A768D /* Posts.swift in Sources */ = {isa = PBXBuildFile; fileRef = 841AB5F91F8A2216007A768D /* Posts.swift */; };
		8459A26D1F8AD8C700BAE8E7 /* Comments.swift in Sources */ = {isa = PBXBuildFile; fileRef = 8459A26C1F8AD8C700BAE8E7 /* Comments.swift */; };
		8459A26F1F8AD8CA00BAE8E7 /* Photos.swift in Sources */ = {isa = PBXBuildFile; fileRef = 8459A26E1F8AD8CA00BAE8E7 /* Photos.swift */; };
		8459A2711F8AD8CC00BAE8E7 /* Todos.swift in Sources */ = {isa = PBXBuildFile; fileRef = 8459A2701F8AD8CC00BAE8E7 /* Todos.swift */; };
		8459A2731F8AD8D100BAE8E7 /* Users.swift in Sources */ = {isa = PBXBuildFile; fileRef = 8459A2721F8AD8D100BAE8E7 /* Users.swift */; };
		847767F41F87B6F800E140CC /* AppDelegate.swift in Sources */ = {isa = PBXBuildFile; fileRef = 847767F31F87B6F800E140CC /* AppDelegate.swift */; };
		847767FB1F87B6F800E140CC /* Main.storyboard in Resources */ = {isa = PBXBuildFile; fileRef = 847767F91F87B6F800E140CC /* Main.storyboard */; };
		847767FD1F87B6F800E140CC /* Assets.xcassets in Resources */ = {isa = PBXBuildFile; fileRef = 847767FC1F87B6F800E140CC /* Assets.xcassets */; };
		847768001F87B6F800E140CC /* LaunchScreen.storyboard in Resources */ = {isa = PBXBuildFile; fileRef = 847767FE1F87B6F800E140CC /* LaunchScreen.storyboard */; };
		847768081F87B93A00E140CC /* CardsCollectionViewController.swift in Sources */ = {isa = PBXBuildFile; fileRef = 847768071F87B93A00E140CC /* CardsCollectionViewController.swift */; };
		8477680C1F87C26300E140CC /* CardCollectionViewCell.swift in Sources */ = {isa = PBXBuildFile; fileRef = 8477680B1F87C26300E140CC /* CardCollectionViewCell.swift */; };
		847768181F87DB2D00E140CC /* Resources.swift in Sources */ = {isa = PBXBuildFile; fileRef = 847768171F87DB2D00E140CC /* Resources.swift */; };
		8477681A1F87DB8400E140CC /* Router.swift in Sources */ = {isa = PBXBuildFile; fileRef = 847768191F87DB8400E140CC /* Router.swift */; };
		8477681E1F87F09200E140CC /* PostsTableViewController.swift in Sources */ = {isa = PBXBuildFile; fileRef = 8477681D1F87F09200E140CC /* PostsTableViewController.swift */; };
		DDCAE51B38A1C958B2856719 /* Pods_AtlanTeamTestTask.framework in Frameworks */ = {isa = PBXBuildFile; fileRef = 167CBDB0F86224B58D2DF625 /* Pods_AtlanTeamTestTask.framework */; };
/* End PBXBuildFile section */

/* Begin PBXFileReference section */
		167CBDB0F86224B58D2DF625 /* Pods_AtlanTeamTestTask.framework */ = {isa = PBXFileReference; explicitFileType = wrapper.framework; includeInIndex = 0; path = Pods_AtlanTeamTestTask.framework; sourceTree = BUILT_PRODUCTS_DIR; };
		3F2E5A5BC21076F55CE88564 /* Pods-AtlanTeamTestTask.debug.xcconfig */ = {isa = PBXFileReference; includeInIndex = 1; lastKnownFileType = text.xcconfig; name = "Pods-AtlanTeamTestTask.debug.xcconfig"; path = "Pods/Target Support Files/Pods-AtlanTeamTestTask/Pods-AtlanTeamTestTask.debug.xcconfig"; sourceTree = "<group>"; };
		535E52E9CA235CF3A5101B77 /* Pods-AtlanTeamTestTask.release.xcconfig */ = {isa = PBXFileReference; includeInIndex = 1; lastKnownFileType = text.xcconfig; name = "Pods-AtlanTeamTestTask.release.xcconfig"; path = "Pods/Target Support Files/Pods-AtlanTeamTestTask/Pods-AtlanTeamTestTask.release.xcconfig"; sourceTree = "<group>"; };
		841AB5F91F8A2216007A768D /* Posts.swift */ = {isa = PBXFileReference; lastKnownFileType = sourcecode.swift; path = Posts.swift; sourceTree = "<group>"; };
		8459A26C1F8AD8C700BAE8E7 /* Comments.swift */ = {isa = PBXFileReference; lastKnownFileType = sourcecode.swift; path = Comments.swift; sourceTree = "<group>"; };
		8459A26E1F8AD8CA00BAE8E7 /* Photos.swift */ = {isa = PBXFileReference; lastKnownFileType = sourcecode.swift; path = Photos.swift; sourceTree = "<group>"; };
		8459A2701F8AD8CC00BAE8E7 /* Todos.swift */ = {isa = PBXFileReference; lastKnownFileType = sourcecode.swift; path = Todos.swift; sourceTree = "<group>"; };
		8459A2721F8AD8D100BAE8E7 /* Users.swift */ = {isa = PBXFileReference; lastKnownFileType = sourcecode.swift; path = Users.swift; sourceTree = "<group>"; };
		847767F01F87B6F800E140CC /* AtlanTeamTestTask.app */ = {isa = PBXFileReference; explicitFileType = wrapper.application; includeInIndex = 0; path = AtlanTeamTestTask.app; sourceTree = BUILT_PRODUCTS_DIR; };
		847767F31F87B6F800E140CC /* AppDelegate.swift */ = {isa = PBXFileReference; lastKnownFileType = sourcecode.swift; path = AppDelegate.swift; sourceTree = "<group>"; };
		847767FA1F87B6F800E140CC /* Base */ = {isa = PBXFileReference; lastKnownFileType = file.storyboard; name = Base; path = Base.lproj/Main.storyboard; sourceTree = "<group>"; };
		847767FC1F87B6F800E140CC /* Assets.xcassets */ = {isa = PBXFileReference; lastKnownFileType = folder.assetcatalog; path = Assets.xcassets; sourceTree = "<group>"; };
		847767FF1F87B6F800E140CC /* Base */ = {isa = PBXFileReference; lastKnownFileType = file.storyboard; name = Base; path = Base.lproj/LaunchScreen.storyboard; sourceTree = "<group>"; };
		847768011F87B6F800E140CC /* Info.plist */ = {isa = PBXFileReference; lastKnownFileType = text.plist.xml; path = Info.plist; sourceTree = "<group>"; };
		847768071F87B93A00E140CC /* CardsCollectionViewController.swift */ = {isa = PBXFileReference; fileEncoding = 4; lastKnownFileType = sourcecode.swift; path = CardsCollectionViewController.swift; sourceTree = "<group>"; };
		8477680B1F87C26300E140CC /* CardCollectionViewCell.swift */ = {isa = PBXFileReference; fileEncoding = 4; lastKnownFileType = sourcecode.swift; path = CardCollectionViewCell.swift; sourceTree = "<group>"; };
		847768171F87DB2D00E140CC /* Resources.swift */ = {isa = PBXFileReference; fileEncoding = 4; lastKnownFileType = sourcecode.swift; path = Resources.swift; sourceTree = "<group>"; };
		847768191F87DB8400E140CC /* Router.swift */ = {isa = PBXFileReference; fileEncoding = 4; lastKnownFileType = sourcecode.swift; path = Router.swift; sourceTree = "<group>"; };
		8477681D1F87F09200E140CC /* PostsTableViewController.swift */ = {isa = PBXFileReference; fileEncoding = 4; lastKnownFileType = sourcecode.swift; path = PostsTableViewController.swift; sourceTree = "<group>"; };
/* End PBXFileReference section */

/* Begin PBXFrameworksBuildPhase section */
		847767ED1F87B6F800E140CC /* Frameworks */ = {
			isa = PBXFrameworksBuildPhase;
			buildActionMask = 2147483647;
			files = (
				DDCAE51B38A1C958B2856719 /* Pods_AtlanTeamTestTask.framework in Frameworks */,
			);
			runOnlyForDeploymentPostprocessing = 0;
		};
/* End PBXFrameworksBuildPhase section */

/* Begin PBXGroup section */
		847767E71F87B6F800E140CC = {
			isa = PBXGroup;
			children = (
				847767F21F87B6F800E140CC /* AtlanTeamTestTask */,
				847767F11F87B6F800E140CC /* Products */,
				8F9732E5B348A8C6FF34AA40 /* Pods */,
				BA28015B4F52788B7886FE35 /* Frameworks */,
			);
			sourceTree = "<group>";
		};
		847767F11F87B6F800E140CC /* Products */ = {
			isa = PBXGroup;
			children = (
				847767F01F87B6F800E140CC /* AtlanTeamTestTask.app */,
			);
			name = Products;
			sourceTree = "<group>";
		};
		847767F21F87B6F800E140CC /* AtlanTeamTestTask */ = {
			isa = PBXGroup;
			children = (
				847767F31F87B6F800E140CC /* AppDelegate.swift */,
				847767F91F87B6F800E140CC /* Main.storyboard */,
				847768171F87DB2D00E140CC /* Resources.swift */,
				847768191F87DB8400E140CC /* Router.swift */,
				847768071F87B93A00E140CC /* CardsCollectionViewController.swift */,
				8477680B1F87C26300E140CC /* CardCollectionViewCell.swift */,
				8477681D1F87F09200E140CC /* PostsTableViewController.swift */,
				841AB5F91F8A2216007A768D /* Posts.swift */,
				8459A26C1F8AD8C700BAE8E7 /* Comments.swift */,
				8459A26E1F8AD8CA00BAE8E7 /* Photos.swift */,
				8459A2701F8AD8CC00BAE8E7 /* Todos.swift */,
				8459A2721F8AD8D100BAE8E7 /* Users.swift */,
				847767FC1F87B6F800E140CC /* Assets.xcassets */,
				847767FE1F87B6F800E140CC /* LaunchScreen.storyboard */,
				847768011F87B6F800E140CC /* Info.plist */,
			);
			path = AtlanTeamTestTask;
			sourceTree = "<group>";
		};
		8F9732E5B348A8C6FF34AA40 /* Pods */ = {
			isa = PBXGroup;
			children = (
				3F2E5A5BC21076F55CE88564 /* Pods-AtlanTeamTestTask.debug.xcconfig */,
				535E52E9CA235CF3A5101B77 /* Pods-AtlanTeamTestTask.release.xcconfig */,
			);
			name = Pods;
			sourceTree = "<group>";
		};
		BA28015B4F52788B7886FE35 /* Frameworks */ = {
			isa = PBXGroup;
			children = (
				167CBDB0F86224B58D2DF625 /* Pods_AtlanTeamTestTask.framework */,
			);
			name = Frameworks;
			sourceTree = "<group>";
		};
/* End PBXGroup section */

/* Begin PBXNativeTarget section */
		847767EF1F87B6F800E140CC /* AtlanTeamTestTask */ = {
			isa = PBXNativeTarget;
			buildConfigurationList = 847768041F87B6F800E140CC /* Build configuration list for PBXNativeTarget "AtlanTeamTestTask" */;
			buildPhases = (
				743AFC7CCB1B55B4CE27264A /* [CP] Check Pods Manifest.lock */,
				847767EC1F87B6F800E140CC /* Sources */,
				847767ED1F87B6F800E140CC /* Frameworks */,
				847767EE1F87B6F800E140CC /* Resources */,
				55A35577B30A3C85CB58931F /* [CP] Embed Pods Frameworks */,
				3266E0E684B5D9012CC87882 /* [CP] Copy Pods Resources */,
			);
			buildRules = (
			);
			dependencies = (
			);
			name = AtlanTeamTestTask;
			productName = AtlanTeamTestTask;
			productReference = 847767F01F87B6F800E140CC /* AtlanTeamTestTask.app */;
			productType = "com.apple.product-type.application";
		};
/* End PBXNativeTarget section */

/* Begin PBXProject section */
		847767E81F87B6F800E140CC /* Project object */ = {
			isa = PBXProject;
			attributes = {
				LastSwiftUpdateCheck = 0830;
				LastUpgradeCheck = 0830;
				ORGANIZATIONNAME = NS;
				TargetAttributes = {
					847767EF1F87B6F800E140CC = {
						CreatedOnToolsVersion = 8.3.3;
						ProvisioningStyle = Automatic;
					};
				};
			};
			buildConfigurationList = 847767EB1F87B6F800E140CC /* Build configuration list for PBXProject "AtlanTeamTestTask" */;
			compatibilityVersion = "Xcode 3.2";
			developmentRegion = English;
			hasScannedForEncodings = 0;
			knownRegions = (
				en,
				Base,
			);
			mainGroup = 847767E71F87B6F800E140CC;
			productRefGroup = 847767F11F87B6F800E140CC /* Products */;
			projectDirPath = "";
			projectRoot = "";
			targets = (
				847767EF1F87B6F800E140CC /* AtlanTeamTestTask */,
			);
		};
/* End PBXProject section */

/* Begin PBXResourcesBuildPhase section */
		847767EE1F87B6F800E140CC /* Resources */ = {
			isa = PBXResourcesBuildPhase;
			buildActionMask = 2147483647;
			files = (
				847768001F87B6F800E140CC /* LaunchScreen.storyboard in Resources */,
				847767FD1F87B6F800E140CC /* Assets.xcassets in Resources */,
				847767FB1F87B6F800E140CC /* Main.storyboard in Resources */,
			);
			runOnlyForDeploymentPostprocessing = 0;
		};
/* End PBXResourcesBuildPhase section */

/* Begin PBXShellScriptBuildPhase section */
		3266E0E684B5D9012CC87882 /* [CP] Copy Pods Resources */ = {
			isa = PBXShellScriptBuildPhase;
			buildActionMask = 2147483647;
			files = (
			);
			inputPaths = (
			);
			name = "[CP] Copy Pods Resources";
			outputPaths = (
			);
			runOnlyForDeploymentPostprocessing = 0;
			shellPath = /bin/sh;
			shellScript = "\"${SRCROOT}/Pods/Target Support Files/Pods-AtlanTeamTestTask/Pods-AtlanTeamTestTask-resources.sh\"\n";
			showEnvVarsInLog = 0;
		};
		55A35577B30A3C85CB58931F /* [CP] Embed Pods Frameworks */ = {
			isa = PBXShellScriptBuildPhase;
			buildActionMask = 2147483647;
			files = (
			);
			inputPaths = (
			);
			name = "[CP] Embed Pods Frameworks";
			outputPaths = (
			);
			runOnlyForDeploymentPostprocessing = 0;
			shellPath = /bin/sh;
			shellScript = "\"${SRCROOT}/Pods/Target Support Files/Pods-AtlanTeamTestTask/Pods-AtlanTeamTestTask-frameworks.sh\"\n";
			showEnvVarsInLog = 0;
		};
		743AFC7CCB1B55B4CE27264A /* [CP] Check Pods Manifest.lock */ = {
			isa = PBXShellScriptBuildPhase;
			buildActionMask = 2147483647;
			files = (
			);
			inputPaths = (
			);
			name = "[CP] Check Pods Manifest.lock";
			outputPaths = (
			);
			runOnlyForDeploymentPostprocessing = 0;
			shellPath = /bin/sh;
			shellScript = "diff \"${PODS_PODFILE_DIR_PATH}/Podfile.lock\" \"${PODS_ROOT}/Manifest.lock\" > /dev/null\nif [ $? != 0 ] ; then\n    # print error to STDERR\n    echo \"error: The sandbox is not in sync with the Podfile.lock. Run 'pod install' or update your CocoaPods installation.\" >&2\n    exit 1\nfi\n";
			showEnvVarsInLog = 0;
		};
/* End PBXShellScriptBuildPhase section */

/* Begin PBXSourcesBuildPhase section */
		847767EC1F87B6F800E140CC /* Sources */ = {
			isa = PBXSourcesBuildPhase;
			buildActionMask = 2147483647;
			files = (
				8459A26F1F8AD8CA00BAE8E7 /* Photos.swift in Sources */,
				8477680C1F87C26300E140CC /* CardCollectionViewCell.swift in Sources */,
				841AB5FA1F8A2216007A768D /* Posts.swift in Sources */,
				8459A2711F8AD8CC00BAE8E7 /* Todos.swift in Sources */,
				8477681E1F87F09200E140CC /* PostsTableViewController.swift in Sources */,
				847768081F87B93A00E140CC /* CardsCollectionViewController.swift in Sources */,
				847768181F87DB2D00E140CC /* Resources.swift in Sources */,
				8477681A1F87DB8400E140CC /* Router.swift in Sources */,
				847767F41F87B6F800E140CC /* AppDelegate.swift in Sources */,
				8459A26D1F8AD8C700BAE8E7 /* Comments.swift in Sources */,
				8459A2731F8AD8D100BAE8E7 /* Users.swift in Sources */,
			);
			runOnlyForDeploymentPostprocessing = 0;
		};
/* End PBXSourcesBuildPhase section */

/* Begin PBXVariantGroup section */
		847767F91F87B6F800E140CC /* Main.storyboard */ = {
			isa = PBXVariantGroup;
			children = (
				847767FA1F87B6F800E140CC /* Base */,
			);
			name = Main.storyboard;
			sourceTree = "<group>";
		};
		847767FE1F87B6F800E140CC /* LaunchScreen.storyboard */ = {
			isa = PBXVariantGroup;
			children = (
				847767FF1F87B6F800E140CC /* Base */,
			);
			name = LaunchScreen.storyboard;
			sourceTree = "<group>";
		};
/* End PBXVariantGroup section */

/* Begin XCBuildConfiguration section */
		847768021F87B6F800E140CC /* Debug */ = {
			isa = XCBuildConfiguration;
			buildSettings = {
				ALWAYS_SEARCH_USER_PATHS = NO;
				CLANG_ANALYZER_NONNULL = YES;
				CLANG_ANALYZER_NUMBER_OBJECT_CONVERSION = YES_AGGRESSIVE;
				CLANG_CXX_LANGUAGE_STANDARD = "gnu++0x";
				CLANG_CXX_LIBRARY = "libc++";
				CLANG_ENABLE_MODULES = YES;
				CLANG_ENABLE_OBJC_ARC = YES;
				CLANG_WARN_BOOL_CONVERSION = YES;
				CLANG_WARN_CONSTANT_CONVERSION = YES;
				CLANG_WARN_DIRECT_OBJC_ISA_USAGE = YES_ERROR;
				CLANG_WARN_DOCUMENTATION_COMMENTS = YES;
				CLANG_WARN_EMPTY_BODY = YES;
				CLANG_WARN_ENUM_CONVERSION = YES;
				CLANG_WARN_INFINITE_RECURSION = YES;
				CLANG_WARN_INT_CONVERSION = YES;
				CLANG_WARN_OBJC_ROOT_CLASS = YES_ERROR;
				CLANG_WARN_SUSPICIOUS_MOVE = YES;
				CLANG_WARN_UNREACHABLE_CODE = YES;
				CLANG_WARN__DUPLICATE_METHOD_MATCH = YES;
				"CODE_SIGN_IDENTITY[sdk=iphoneos*]" = "iPhone Developer";
				COPY_PHASE_STRIP = NO;
				DEBUG_INFORMATION_FORMAT = dwarf;
				ENABLE_STRICT_OBJC_MSGSEND = YES;
				ENABLE_TESTABILITY = YES;
				GCC_C_LANGUAGE_STANDARD = gnu99;
				GCC_DYNAMIC_NO_PIC = NO;
				GCC_NO_COMMON_BLOCKS = YES;
				GCC_OPTIMIZATION_LEVEL = 0;
				GCC_PREPROCESSOR_DEFINITIONS = (
					"DEBUG=1",
					"$(inherited)",
				);
				GCC_WARN_64_TO_32_BIT_CONVERSION = YES;
				GCC_WARN_ABOUT_RETURN_TYPE = YES_ERROR;
				GCC_WARN_UNDECLARED_SELECTOR = YES;
				GCC_WARN_UNINITIALIZED_AUTOS = YES_AGGRESSIVE;
				GCC_WARN_UNUSED_FUNCTION = YES;
				GCC_WARN_UNUSED_VARIABLE = YES;
				IPHONEOS_DEPLOYMENT_TARGET = 10.3;
				MTL_ENABLE_DEBUG_INFO = YES;
				ONLY_ACTIVE_ARCH = YES;
				SDKROOT = iphoneos;
				SWIFT_ACTIVE_COMPILATION_CONDITIONS = DEBUG;
				SWIFT_OPTIMIZATION_LEVEL = "-Onone";
			};
			name = Debug;
		};
		847768031F87B6F800E140CC /* Release */ = {
			isa = XCBuildConfiguration;
			buildSettings = {
				ALWAYS_SEARCH_USER_PATHS = NO;
				CLANG_ANALYZER_NONNULL = YES;
				CLANG_ANALYZER_NUMBER_OBJECT_CONVERSION = YES_AGGRESSIVE;
				CLANG_CXX_LANGUAGE_STANDARD = "gnu++0x";
				CLANG_CXX_LIBRARY = "libc++";
				CLANG_ENABLE_MODULES = YES;
				CLANG_ENABLE_OBJC_ARC = YES;
				CLANG_WARN_BOOL_CONVERSION = YES;
				CLANG_WARN_CONSTANT_CONVERSION = YES;
				CLANG_WARN_DIRECT_OBJC_ISA_USAGE = YES_ERROR;
				CLANG_WARN_DOCUMENTATION_COMMENTS = YES;
				CLANG_WARN_EMPTY_BODY = YES;
				CLANG_WARN_ENUM_CONVERSION = YES;
				CLANG_WARN_INFINITE_RECURSION = YES;
				CLANG_WARN_INT_CONVERSION = YES;
				CLANG_WARN_OBJC_ROOT_CLASS = YES_ERROR;
				CLANG_WARN_SUSPICIOUS_MOVE = YES;
				CLANG_WARN_UNREACHABLE_CODE = YES;
				CLANG_WARN__DUPLICATE_METHOD_MATCH = YES;
				"CODE_SIGN_IDENTITY[sdk=iphoneos*]" = "iPhone Developer";
				COPY_PHASE_STRIP = NO;
				DEBUG_INFORMATION_FORMAT = "dwarf-with-dsym";
				ENABLE_NS_ASSERTIONS = NO;
				ENABLE_STRICT_OBJC_MSGSEND = YES;
				GCC_C_LANGUAGE_STANDARD = gnu99;
				GCC_NO_COMMON_BLOCKS = YES;
				GCC_WARN_64_TO_32_BIT_CONVERSION = YES;
				GCC_WARN_ABOUT_RETURN_TYPE = YES_ERROR;
				GCC_WARN_UNDECLARED_SELECTOR = YES;
				GCC_WARN_UNINITIALIZED_AUTOS = YES_AGGRESSIVE;
				GCC_WARN_UNUSED_FUNCTION = YES;
				GCC_WARN_UNUSED_VARIABLE = YES;
				IPHONEOS_DEPLOYMENT_TARGET = 10.3;
				MTL_ENABLE_DEBUG_INFO = NO;
				SDKROOT = iphoneos;
				SWIFT_OPTIMIZATION_LEVEL = "-Owholemodule";
				VALIDATE_PRODUCT = YES;
			};
			name = Release;
		};
		847768051F87B6F800E140CC /* Debug */ = {
			isa = XCBuildConfiguration;
			baseConfigurationReference = 3F2E5A5BC21076F55CE88564 /* Pods-AtlanTeamTestTask.debug.xcconfig */;
			buildSettings = {
				ASSETCATALOG_COMPILER_APPICON_NAME = AppIcon;
				INFOPLIST_FILE = AtlanTeamTestTask/Info.plist;
				LD_RUNPATH_SEARCH_PATHS = "$(inherited) @executable_path/Frameworks";
				PRODUCT_BUNDLE_IDENTIFIER = NS.AtlanTeamTestTask;
				PRODUCT_NAME = "$(TARGET_NAME)";
				SWIFT_VERSION = 3.0;
			};
			name = Debug;
		};
		847768061F87B6F800E140CC /* Release */ = {
			isa = XCBuildConfiguration;
			baseConfigurationReference = 535E52E9CA235CF3A5101B77 /* Pods-AtlanTeamTestTask.release.xcconfig */;
			buildSettings = {
				ASSETCATALOG_COMPILER_APPICON_NAME = AppIcon;
				INFOPLIST_FILE = AtlanTeamTestTask/Info.plist;
				LD_RUNPATH_SEARCH_PATHS = "$(inherited) @executable_path/Frameworks";
				PRODUCT_BUNDLE_IDENTIFIER = NS.AtlanTeamTestTask;
				PRODUCT_NAME = "$(TARGET_NAME)";
				SWIFT_VERSION = 3.0;
			};
			name = Release;
		};
/* End XCBuildConfiguration section */

/* Begin XCConfigurationList section */
		847767EB1F87B6F800E140CC /* Build configuration list for PBXProject "AtlanTeamTestTask" */ = {
			isa = XCConfigurationList;
			buildConfigurations = (
				847768021F87B6F800E140CC /* Debug */,
				847768031F87B6F800E140CC /* Release */,
			);
			defaultConfigurationIsVisible = 0;
			defaultConfigurationName = Release;
		};
		847768041F87B6F800E140CC /* Build configuration list for PBXNativeTarget "AtlanTeamTestTask" */ = {
			isa = XCConfigurationList;
			buildConfigurations = (
				847768051F87B6F800E140CC /* Debug */,
				847768061F87B6F800E140CC /* Release */,
			);
			defaultConfigurationIsVisible = 0;
			defaultConfigurationName = Release;
		};
/* End XCConfigurationList section */
	};
	rootObject = 847767E81F87B6F800E140CC /* Project object */;
}
